
Microsoft Visual Studio Solution File, Format Version 12.00
# Visual Studio Version 17
VisualStudioVersion = 17.3.32901.215
MinimumVisualStudioVersion = 10.0.40219.1
Project("{FAE04EC0-301F-11D3-BF4B-00C04F79EFBC}") = "DapperCrudOperation", "DapperCrudOperation.csproj", "{772D50B7-ED2D-4D49-AEE2-603A16423521}"
EndProject
Global
	GlobalSection(SolutionConfigurationPlatforms) = preSolution
		Debug|Any CPU = Debug|Any CPU
		Release|Any CPU = Release|Any CPU
	EndGlobalSection
	GlobalSection(ProjectConfigurationPlatforms) = postSolution
		{772D50B7-ED2D-4D49-AEE2-603A16423521}.Debug|Any CPU.ActiveCfg = Debug|Any CPU
		{772D50B7-ED2D-4D49-AEE2-603A16423521}.Debug|Any CPU.Build.0 = Debug|Any CPU
		{772D50B7-ED2D-4D49-AEE2-603A16423521}.Release|Any CPU.ActiveCfg = Release|Any CPU
		{772D50B7-ED2D-4D49-AEE2-603A16423521}.Release|Any CPU.Build.0 = Release|Any CPU
	EndGlobalSection
	GlobalSection(SolutionProperties) = preSolution
		HideSolutionNode = FALSE
	EndGlobalSection
	GlobalSection(ExtensibilityGlobals) = postSolution
		SolutionGuid = {C2F2B1BC-307D-4AA0-8D5A-FE4909D85889}
	EndGlobalSection
EndGlobal
